
Microsoft Visual Studio Solution File, Format Version 12.00
# Visual Studio Version 17
VisualStudioVersion = 17.0.31919.166
MinimumVisualStudioVersion = 10.0.40219.1
Project("{9A19103F-16F7-4668-BE54-9A1E7A4F7556}") = "LogicalProgrammingProblems", "LogicalProgrammingProblems\LogicalProgrammingProblems.csproj", "{95449177-C2E4-4EBD-9308-49BDE4B494D1}"
EndProject
Project("{9A19103F-16F7-4668-BE54-9A1E7A4F7556}") = "StopWatchProgram", "StopWatchProgram\StopWatchProgram.csproj", "{D951B9D4-3921-4EF1-BB19-AFD59B2476A9}"
EndProject
Project("{9A19103F-16F7-4668-BE54-9A1E7A4F7556}") = "NUnitTestingProblems", "NUnitTestingProblems\NUnitTestingProblems.csproj", "{27FE8064-2AED-4FB0-B3BD-DA14BEA3A908}"
EndProject
Project("{FAE04EC0-301F-11D3-BF4B-00C04F79EFBC}") = "VendingMacineProblem", "VendingMacineProblem\VendingMacineProblem.csproj", "{D2324559-ABD4-45A0-ABB8-E5E2FAA98BA1}"
EndProject
Global
	GlobalSection(SolutionConfigurationPlatforms) = preSolution
		Debug|Any CPU = Debug|Any CPU
		Release|Any CPU = Release|Any CPU
	EndGlobalSection
	GlobalSection(ProjectConfigurationPlatforms) = postSolution
		{95449177-C2E4-4EBD-9308-49BDE4B494D1}.Debug|Any CPU.ActiveCfg = Debug|Any CPU
		{95449177-C2E4-4EBD-9308-49BDE4B494D1}.Debug|Any CPU.Build.0 = Debug|Any CPU
		{95449177-C2E4-4EBD-9308-49BDE4B494D1}.Release|Any CPU.ActiveCfg = Release|Any CPU
		{95449177-C2E4-4EBD-9308-49BDE4B494D1}.Release|Any CPU.Build.0 = Release|Any CPU
		{D951B9D4-3921-4EF1-BB19-AFD59B2476A9}.Debug|Any CPU.ActiveCfg = Debug|Any CPU
		{D951B9D4-3921-4EF1-BB19-AFD59B2476A9}.Debug|Any CPU.Build.0 = Debug|Any CPU
		{D951B9D4-3921-4EF1-BB19-AFD59B2476A9}.Release|Any CPU.ActiveCfg = Release|Any CPU
		{D951B9D4-3921-4EF1-BB19-AFD59B2476A9}.Release|Any CPU.Build.0 = Release|Any CPU
		{27FE8064-2AED-4FB0-B3BD-DA14BEA3A908}.Debug|Any CPU.ActiveCfg = Debug|Any CPU
		{27FE8064-2AED-4FB0-B3BD-DA14BEA3A908}.Debug|Any CPU.Build.0 = Debug|Any CPU
		{27FE8064-2AED-4FB0-B3BD-DA14BEA3A908}.Release|Any CPU.ActiveCfg = Release|Any CPU
		{27FE8064-2AED-4FB0-B3BD-DA14BEA3A908}.Release|Any CPU.Build.0 = Release|Any CPU
		{D2324559-ABD4-45A0-ABB8-E5E2FAA98BA1}.Debug|Any CPU.ActiveCfg = Debug|Any CPU
		{D2324559-ABD4-45A0-ABB8-E5E2FAA98BA1}.Debug|Any CPU.Build.0 = Debug|Any CPU
		{D2324559-ABD4-45A0-ABB8-E5E2FAA98BA1}.Release|Any CPU.ActiveCfg = Release|Any CPU
		{D2324559-ABD4-45A0-ABB8-E5E2FAA98BA1}.Release|Any CPU.Build.0 = Release|Any CPU
	EndGlobalSection
	GlobalSection(SolutionProperties) = preSolution
		HideSolutionNode = FALSE
	EndGlobalSection
	GlobalSection(ExtensibilityGlobals) = postSolution
		SolutionGuid = {0B0C541F-FFA5-4834-B07F-98BB9D102CF0}
	EndGlobalSection
EndGlobal
